
Microsoft Visual Studio Solution File, Format Version 12.00
# Visual Studio Version 16
VisualStudioVersion = 16.0.31321.278
MinimumVisualStudioVersion = 10.0.40219.1
Project("{FAE04EC0-301F-11D3-BF4B-00C04F79EFBC}") = "Islands", "Islands.csproj", "{53D496E2-0991-4AE1-B361-007A0F1ED817}"
EndProject
Global
	GlobalSection(SolutionConfigurationPlatforms) = preSolution
		Debug|Any CPU = Debug|Any CPU
		Release|Any CPU = Release|Any CPU
	EndGlobalSection
	GlobalSection(ProjectConfigurationPlatforms) = postSolution
		{53D496E2-0991-4AE1-B361-007A0F1ED817}.Debug|Any CPU.ActiveCfg = Debug|Any CPU
		{53D496E2-0991-4AE1-B361-007A0F1ED817}.Debug|Any CPU.Build.0 = Debug|Any CPU
		{53D496E2-0991-4AE1-B361-007A0F1ED817}.Release|Any CPU.ActiveCfg = Release|Any CPU
		{53D496E2-0991-4AE1-B361-007A0F1ED817}.Release|Any CPU.Build.0 = Release|Any CPU
	EndGlobalSection
	GlobalSection(SolutionProperties) = preSolution
		HideSolutionNode = FALSE
	EndGlobalSection
	GlobalSection(ExtensibilityGlobals) = postSolution
		SolutionGuid = {5CAC473A-7111-420B-8325-2C46EDD57282}
	EndGlobalSection
EndGlobal
